
Microsoft Visual Studio Solution File, Format Version 12.00
# Visual Studio Version 17
VisualStudioVersion = 17.12.35527.113
MinimumVisualStudioVersion = 10.0.40219.1
Project("{FAE04EC0-301F-11D3-BF4B-00C04F79EFBC}") = "SIGPAST", "SIGPAST.csproj", "{5E55964D-67E0-4D43-B432-0277AD5D4CA2}"
EndProject
Project("{FAE04EC0-301F-11D3-BF4B-00C04F79EFBC}") = "DataAccessLibrary", "..\DataAccessLibrary\DataAccessLibrary.csproj", "{5AF71176-2DDF-4251-AE32-A2033E17C111}"
EndProject
Global
	GlobalSection(SolutionConfigurationPlatforms) = preSolution
		Debug|Any CPU = Debug|Any CPU
		Release|Any CPU = Release|Any CPU
	EndGlobalSection
	GlobalSection(ProjectConfigurationPlatforms) = postSolution
		{5E55964D-67E0-4D43-B432-0277AD5D4CA2}.Debug|Any CPU.ActiveCfg = Debug|Any CPU
		{5E55964D-67E0-4D43-B432-0277AD5D4CA2}.Debug|Any CPU.Build.0 = Debug|Any CPU
		{5E55964D-67E0-4D43-B432-0277AD5D4CA2}.Release|Any CPU.ActiveCfg = Release|Any CPU
		{5E55964D-67E0-4D43-B432-0277AD5D4CA2}.Release|Any CPU.Build.0 = Release|Any CPU
		{5AF71176-2DDF-4251-AE32-A2033E17C111}.Debug|Any CPU.ActiveCfg = Debug|Any CPU
		{5AF71176-2DDF-4251-AE32-A2033E17C111}.Debug|Any CPU.Build.0 = Debug|Any CPU
		{5AF71176-2DDF-4251-AE32-A2033E17C111}.Release|Any CPU.ActiveCfg = Release|Any CPU
		{5AF71176-2DDF-4251-AE32-A2033E17C111}.Release|Any CPU.Build.0 = Release|Any CPU
	EndGlobalSection
	GlobalSection(SolutionProperties) = preSolution
		HideSolutionNode = FALSE
	EndGlobalSection
EndGlobal
